// !$*UTF8*$!
{
	archiveVersion = 1;
	classes = {
	};
	objectVersion = 77;
	objects = {

/* Begin PBXBuildFile section */
		5CC067ED2CAD9159007882DE /* SwiftUIEKtensions in Frameworks */ = {isa = PBXBuildFile; productRef = 5CC067EC2CAD9159007882DE /* SwiftUIEKtensions */; };
/* End PBXBuildFile section */

/* Begin PBXContainerItemProxy section */
		5CBD6D992CAC656500BA0A92 /* PBXContainerItemProxy */ = {
			isa = PBXContainerItemProxy;
			containerPortal = 5CBD6D802CAC656300BA0A92 /* Project object */;
			proxyType = 1;
			remoteGlobalIDString = 5CBD6D872CAC656300BA0A92;
			remoteInfo = Etna;
		};
		5CBD6DA32CAC656500BA0A92 /* PBXContainerItemProxy */ = {
			isa = PBXContainerItemProxy;
			containerPortal = 5CBD6D802CAC656300BA0A92 /* Project object */;
			proxyType = 1;
			remoteGlobalIDString = 5CBD6D872CAC656300BA0A92;
			remoteInfo = Etna;
		};
/* End PBXContainerItemProxy section */

/* Begin PBXFileReference section */
		5CBD6D882CAC656300BA0A92 /* Etna.app */ = {isa = PBXFileReference; explicitFileType = wrapper.application; includeInIndex = 0; path = Etna.app; sourceTree = BUILT_PRODUCTS_DIR; };
		5CBD6D982CAC656500BA0A92 /* EtnaTests.xctest */ = {isa = PBXFileReference; explicitFileType = wrapper.cfbundle; includeInIndex = 0; path = EtnaTests.xctest; sourceTree = BUILT_PRODUCTS_DIR; };
		5CBD6DA22CAC656500BA0A92 /* EtnaUITests.xctest */ = {isa = PBXFileReference; explicitFileType = wrapper.cfbundle; includeInIndex = 0; path = EtnaUITests.xctest; sourceTree = BUILT_PRODUCTS_DIR; };
/* End PBXFileReference section */

/* Begin PBXFileSystemSynchronizedBuildFileExceptionSet section */
		5C623A0B2CADE785009AA54C /* Exceptions for "Etna" folder in "Etna" target */ = {
			isa = PBXFileSystemSynchronizedBuildFileExceptionSet;
			membershipExceptions = (
				Info.plist,
			);
			target = 5CBD6D872CAC656300BA0A92 /* Etna */;
		};
/* End PBXFileSystemSynchronizedBuildFileExceptionSet section */

/* Begin PBXFileSystemSynchronizedRootGroup section */
		5CBD6D8A2CAC656300BA0A92 /* Etna */ = {
			isa = PBXFileSystemSynchronizedRootGroup;
			exceptions = (
				5C623A0B2CADE785009AA54C /* Exceptions for "Etna" folder in "Etna" target */,
			);
			path = Etna;
			sourceTree = "<group>";
		};
		5CBD6D9B2CAC656500BA0A92 /* EtnaTests */ = {
			isa = PBXFileSystemSynchronizedRootGroup;
			path = EtnaTests;
			sourceTree = "<group>";
		};
		5CBD6DA52CAC656500BA0A92 /* EtnaUITests */ = {
			isa = PBXFileSystemSynchronizedRootGroup;
			path = EtnaUITests;
			sourceTree = "<group>";
		};
/* End PBXFileSystemSynchronizedRootGroup section */

/* Begin PBXFrameworksBuildPhase section */
		5CBD6D852CAC656300BA0A92 /* Frameworks */ = {
			isa = PBXFrameworksBuildPhase;
			buildActionMask = 2147483647;
			files = (
				5CC067ED2CAD9159007882DE /* SwiftUIEKtensions in Frameworks */,
			);
			runOnlyForDeploymentPostprocessing = 0;
		};
		5CBD6D952CAC656500BA0A92 /* Frameworks */ = {
			isa = PBXFrameworksBuildPhase;
			buildActionMask = 2147483647;
			files = (
			);
			runOnlyForDeploymentPostprocessing = 0;
		};
		5CBD6D9F2CAC656500BA0A92 /* Frameworks */ = {
			isa = PBXFrameworksBuildPhase;
			buildActionMask = 2147483647;
			files = (
			);
			runOnlyForDeploymentPostprocessing = 0;
		};
/* End PBXFrameworksBuildPhase section */

/* Begin PBXGroup section */
		5CBD6D7F2CAC656300BA0A92 = {
			isa = PBXGroup;
			children = (
				5CBD6D8A2CAC656300BA0A92 /* Etna */,
				5CBD6D9B2CAC656500BA0A92 /* EtnaTests */,
				5CBD6DA52CAC656500BA0A92 /* EtnaUITests */,
				5CBD6D892CAC656300BA0A92 /* Products */,
			);
			sourceTree = "<group>";
		};
		5CBD6D892CAC656300BA0A92 /* Products */ = {
			isa = PBXGroup;
			children = (
				5CBD6D882CAC656300BA0A92 /* Etna.app */,
				5CBD6D982CAC656500BA0A92 /* EtnaTests.xctest */,
				5CBD6DA22CAC656500BA0A92 /* EtnaUITests.xctest */,
			);
			name = Products;
			sourceTree = "<group>";
		};
/* End PBXGroup section */

/* Begin PBXNativeTarget section */
		5CBD6D872CAC656300BA0A92 /* Etna */ = {
			isa = PBXNativeTarget;
			buildConfigurationList = 5CBD6DAC2CAC656500BA0A92 /* Build configuration list for PBXNativeTarget "Etna" */;
			buildPhases = (
				5CBD6D842CAC656300BA0A92 /* Sources */,
				5CBD6D852CAC656300BA0A92 /* Frameworks */,
				5CBD6D862CAC656300BA0A92 /* Resources */,
			);
			buildRules = (
			);
			dependencies = (
			);
			fileSystemSynchronizedGroups = (
				5CBD6D8A2CAC656300BA0A92 /* Etna */,
			);
			name = Etna;
			packageProductDependencies = (
				5CC067EC2CAD9159007882DE /* SwiftUIEKtensions */,
			);
			productName = Etna;
			productReference = 5CBD6D882CAC656300BA0A92 /* Etna.app */;
			productType = "com.apple.product-type.application";
		};
		5CBD6D972CAC656500BA0A92 /* EtnaTests */ = {
			isa = PBXNativeTarget;
			buildConfigurationList = 5CBD6DAF2CAC656500BA0A92 /* Build configuration list for PBXNativeTarget "EtnaTests" */;
			buildPhases = (
				5CBD6D942CAC656500BA0A92 /* Sources */,
				5CBD6D952CAC656500BA0A92 /* Frameworks */,
				5CBD6D962CAC656500BA0A92 /* Resources */,
			);
			buildRules = (
			);
			dependencies = (
				5CBD6D9A2CAC656500BA0A92 /* PBXTargetDependency */,
			);
			fileSystemSynchronizedGroups = (
				5CBD6D9B2CAC656500BA0A92 /* EtnaTests */,
			);
			name = EtnaTests;
			packageProductDependencies = (
			);
			productName = EtnaTests;
			productReference = 5CBD6D982CAC656500BA0A92 /* EtnaTests.xctest */;
			productType = "com.apple.product-type.bundle.unit-test";
		};
		5CBD6DA12CAC656500BA0A92 /* EtnaUITests */ = {
			isa = PBXNativeTarget;
			buildConfigurationList = 5CBD6DB22CAC656500BA0A92 /* Build configuration list for PBXNativeTarget "EtnaUITests" */;
			buildPhases = (
				5CBD6D9E2CAC656500BA0A92 /* Sources */,
				5CBD6D9F2CAC656500BA0A92 /* Frameworks */,
				5CBD6DA02CAC656500BA0A92 /* Resources */,
			);
			buildRules = (
			);
			dependencies = (
				5CBD6DA42CAC656500BA0A92 /* PBXTargetDependency */,
			);
			fileSystemSynchronizedGroups = (
				5CBD6DA52CAC656500BA0A92 /* EtnaUITests */,
			);
			name = EtnaUITests;
			packageProductDependencies = (
			);
			productName = EtnaUITests;
			productReference = 5CBD6DA22CAC656500BA0A92 /* EtnaUITests.xctest */;
			productType = "com.apple.product-type.bundle.ui-testing";
		};
/* End PBXNativeTarget section */

/* Begin PBXProject section */
		5CBD6D802CAC656300BA0A92 /* Project object */ = {
			isa = PBXProject;
			attributes = {
				BuildIndependentTargetsInParallel = 1;
				LastSwiftUpdateCheck = 1610;
				LastUpgradeCheck = 1610;
				TargetAttributes = {
					5CBD6D872CAC656300BA0A92 = {
						CreatedOnToolsVersion = 16.1;
					};
					5CBD6D972CAC656500BA0A92 = {
						CreatedOnToolsVersion = 16.1;
						TestTargetID = 5CBD6D872CAC656300BA0A92;
					};
					5CBD6DA12CAC656500BA0A92 = {
						CreatedOnToolsVersion = 16.1;
						TestTargetID = 5CBD6D872CAC656300BA0A92;
					};
				};
			};
			buildConfigurationList = 5CBD6D832CAC656300BA0A92 /* Build configuration list for PBXProject "Etna" */;
			developmentRegion = en;
			hasScannedForEncodings = 0;
			knownRegions = (
				en,
				Base,
				pl,
			);
			mainGroup = 5CBD6D7F2CAC656300BA0A92;
			minimizedProjectReferenceProxies = 1;
			packageReferences = (
				5CC0679D2CAD89EB007882DE /* XCRemoteSwiftPackageReference "SwiftyJSON" */,
				5CC067EB2CAD9159007882DE /* XCRemoteSwiftPackageReference "SwiftUIEKtensions" */,
			);
			preferredProjectObjectVersion = 77;
			productRefGroup = 5CBD6D892CAC656300BA0A92 /* Products */;
			projectDirPath = "";
			projectRoot = "";
			targets = (
				5CBD6D872CAC656300BA0A92 /* Etna */,
				5CBD6D972CAC656500BA0A92 /* EtnaTests */,
				5CBD6DA12CAC656500BA0A92 /* EtnaUITests */,
			);
		};
/* End PBXProject section */

/* Begin PBXResourcesBuildPhase section */
		5CBD6D862CAC656300BA0A92 /* Resources */ = {
			isa = PBXResourcesBuildPhase;
			buildActionMask = 2147483647;
			files = (
			);
			runOnlyForDeploymentPostprocessing = 0;
		};
		5CBD6D962CAC656500BA0A92 /* Resources */ = {
			isa = PBXResourcesBuildPhase;
			buildActionMask = 2147483647;
			files = (
			);
			runOnlyForDeploymentPostprocessing = 0;
		};
		5CBD6DA02CAC656500BA0A92 /* Resources */ = {
			isa = PBXResourcesBuildPhase;
			buildActionMask = 2147483647;
			files = (
			);
			runOnlyForDeploymentPostprocessing = 0;
		};
/* End PBXResourcesBuildPhase section */

/* Begin PBXSourcesBuildPhase section */
		5CBD6D842CAC656300BA0A92 /* Sources */ = {
			isa = PBXSourcesBuildPhase;
			buildActionMask = 2147483647;
			files = (
			);
			runOnlyForDeploymentPostprocessing = 0;
		};
		5CBD6D942CAC656500BA0A92 /* Sources */ = {
			isa = PBXSourcesBuildPhase;
			buildActionMask = 2147483647;
			files = (
			);
			runOnlyForDeploymentPostprocessing = 0;
		};
		5CBD6D9E2CAC656500BA0A92 /* Sources */ = {
			isa = PBXSourcesBuildPhase;
			buildActionMask = 2147483647;
			files = (
			);
			runOnlyForDeploymentPostprocessing = 0;
		};
/* End PBXSourcesBuildPhase section */

/* Begin PBXTargetDependency section */
		5CBD6D9A2CAC656500BA0A92 /* PBXTargetDependency */ = {
			isa = PBXTargetDependency;
			target = 5CBD6D872CAC656300BA0A92 /* Etna */;
			targetProxy = 5CBD6D992CAC656500BA0A92 /* PBXContainerItemProxy */;
		};
		5CBD6DA42CAC656500BA0A92 /* PBXTargetDependency */ = {
			isa = PBXTargetDependency;
			target = 5CBD6D872CAC656300BA0A92 /* Etna */;
			targetProxy = 5CBD6DA32CAC656500BA0A92 /* PBXContainerItemProxy */;
		};
/* End PBXTargetDependency section */

/* Begin XCBuildConfiguration section */
		5CBD6DAA2CAC656500BA0A92 /* Debug */ = {
			isa = XCBuildConfiguration;
			buildSettings = {
				ALWAYS_SEARCH_USER_PATHS = NO;
				ASSETCATALOG_COMPILER_GENERATE_SWIFT_ASSET_SYMBOL_EXTENSIONS = YES;
				CLANG_ANALYZER_NONNULL = YES;
				CLANG_ANALYZER_NUMBER_OBJECT_CONVERSION = YES_AGGRESSIVE;
				CLANG_CXX_LANGUAGE_STANDARD = "gnu++20";
				CLANG_ENABLE_MODULES = YES;
				CLANG_ENABLE_OBJC_ARC = YES;
				CLANG_ENABLE_OBJC_WEAK = YES;
				CLANG_WARN_BLOCK_CAPTURE_AUTORELEASING = YES;
				CLANG_WARN_BOOL_CONVERSION = YES;
				CLANG_WARN_COMMA = YES;
				CLANG_WARN_CONSTANT_CONVERSION = YES;
				CLANG_WARN_DEPRECATED_OBJC_IMPLEMENTATIONS = YES;
				CLANG_WARN_DIRECT_OBJC_ISA_USAGE = YES_ERROR;
				CLANG_WARN_DOCUMENTATION_COMMENTS = YES;
				CLANG_WARN_EMPTY_BODY = YES;
				CLANG_WARN_ENUM_CONVERSION = YES;
				CLANG_WARN_INFINITE_RECURSION = YES;
				CLANG_WARN_INT_CONVERSION = YES;
				CLANG_WARN_NON_LITERAL_NULL_CONVERSION = YES;
				CLANG_WARN_OBJC_IMPLICIT_RETAIN_SELF = YES;
				CLANG_WARN_OBJC_LITERAL_CONVERSION = YES;
				CLANG_WARN_OBJC_ROOT_CLASS = YES_ERROR;
				CLANG_WARN_QUOTED_INCLUDE_IN_FRAMEWORK_HEADER = YES;
				CLANG_WARN_RANGE_LOOP_ANALYSIS = YES;
				CLANG_WARN_STRICT_PROTOTYPES = YES;
				CLANG_WARN_SUSPICIOUS_MOVE = YES;
				CLANG_WARN_UNGUARDED_AVAILABILITY = YES_AGGRESSIVE;
				CLANG_WARN_UNREACHABLE_CODE = YES;
				CLANG_WARN__DUPLICATE_METHOD_MATCH = YES;
				COPY_PHASE_STRIP = NO;
				DEBUG_INFORMATION_FORMAT = dwarf;
				ENABLE_STRICT_OBJC_MSGSEND = YES;
				ENABLE_TESTABILITY = YES;
				ENABLE_USER_SCRIPT_SANDBOXING = YES;
				GCC_C_LANGUAGE_STANDARD = gnu17;
				GCC_DYNAMIC_NO_PIC = NO;
				GCC_NO_COMMON_BLOCKS = YES;
				GCC_OPTIMIZATION_LEVEL = 0;
				GCC_PREPROCESSOR_DEFINITIONS = (
					"DEBUG=1",
					"$(inherited)",
				);
				GCC_WARN_64_TO_32_BIT_CONVERSION = YES;
				GCC_WARN_ABOUT_RETURN_TYPE = YES_ERROR;
				GCC_WARN_UNDECLARED_SELECTOR = YES;
				GCC_WARN_UNINITIALIZED_AUTOS = YES_AGGRESSIVE;
				GCC_WARN_UNUSED_FUNCTION = YES;
				GCC_WARN_UNUSED_VARIABLE = YES;
				IPHONEOS_DEPLOYMENT_TARGET = 18.1;
				LOCALIZATION_PREFERS_STRING_CATALOGS = YES;
				MTL_ENABLE_DEBUG_INFO = INCLUDE_SOURCE;
				MTL_FAST_MATH = YES;
				ONLY_ACTIVE_ARCH = YES;
				SDKROOT = iphoneos;
				SWIFT_ACTIVE_COMPILATION_CONDITIONS = "DEBUG $(inherited)";
				SWIFT_EMIT_LOC_STRINGS = YES;
				SWIFT_OPTIMIZATION_LEVEL = "-Onone";
			};
			name = Debug;
		};
		5CBD6DAB2CAC656500BA0A92 /* Release */ = {
			isa = XCBuildConfiguration;
			buildSettings = {
				ALWAYS_SEARCH_USER_PATHS = NO;
				ASSETCATALOG_COMPILER_GENERATE_SWIFT_ASSET_SYMBOL_EXTENSIONS = YES;
				CLANG_ANALYZER_NONNULL = YES;
				CLANG_ANALYZER_NUMBER_OBJECT_CONVERSION = YES_AGGRESSIVE;
				CLANG_CXX_LANGUAGE_STANDARD = "gnu++20";
				CLANG_ENABLE_MODULES = YES;
				CLANG_ENABLE_OBJC_ARC = YES;
				CLANG_ENABLE_OBJC_WEAK = YES;
				CLANG_WARN_BLOCK_CAPTURE_AUTORELEASING = YES;
				CLANG_WARN_BOOL_CONVERSION = YES;
				CLANG_WARN_COMMA = YES;
				CLANG_WARN_CONSTANT_CONVERSION = YES;
				CLANG_WARN_DEPRECATED_OBJC_IMPLEMENTATIONS = YES;
				CLANG_WARN_DIRECT_OBJC_ISA_USAGE = YES_ERROR;
				CLANG_WARN_DOCUMENTATION_COMMENTS = YES;
				CLANG_WARN_EMPTY_BODY = YES;
				CLANG_WARN_ENUM_CONVERSION = YES;
				CLANG_WARN_INFINITE_RECURSION = YES;
				CLANG_WARN_INT_CONVERSION = YES;
				CLANG_WARN_NON_LITERAL_NULL_CONVERSION = YES;
				CLANG_WARN_OBJC_IMPLICIT_RETAIN_SELF = YES;
				CLANG_WARN_OBJC_LITERAL_CONVERSION = YES;
				CLANG_WARN_OBJC_ROOT_CLASS = YES_ERROR;
				CLANG_WARN_QUOTED_INCLUDE_IN_FRAMEWORK_HEADER = YES;
				CLANG_WARN_RANGE_LOOP_ANALYSIS = YES;
				CLANG_WARN_STRICT_PROTOTYPES = YES;
				CLANG_WARN_SUSPICIOUS_MOVE = YES;
				CLANG_WARN_UNGUARDED_AVAILABILITY = YES_AGGRESSIVE;
				CLANG_WARN_UNREACHABLE_CODE = YES;
				CLANG_WARN__DUPLICATE_METHOD_MATCH = YES;
				COPY_PHASE_STRIP = NO;
				DEBUG_INFORMATION_FORMAT = "dwarf-with-dsym";
				ENABLE_NS_ASSERTIONS = NO;
				ENABLE_STRICT_OBJC_MSGSEND = YES;
				ENABLE_USER_SCRIPT_SANDBOXING = YES;
				GCC_C_LANGUAGE_STANDARD = gnu17;
				GCC_NO_COMMON_BLOCKS = YES;
				GCC_WARN_64_TO_32_BIT_CONVERSION = YES;
				GCC_WARN_ABOUT_RETURN_TYPE = YES_ERROR;
				GCC_WARN_UNDECLARED_SELECTOR = YES;
				GCC_WARN_UNINITIALIZED_AUTOS = YES_AGGRESSIVE;
				GCC_WARN_UNUSED_FUNCTION = YES;
				GCC_WARN_UNUSED_VARIABLE = YES;
				IPHONEOS_DEPLOYMENT_TARGET = 18.1;
				LOCALIZATION_PREFERS_STRING_CATALOGS = YES;
				MTL_ENABLE_DEBUG_INFO = NO;
				MTL_FAST_MATH = YES;
				SDKROOT = iphoneos;
				SWIFT_COMPILATION_MODE = wholemodule;
				SWIFT_EMIT_LOC_STRINGS = YES;
				VALIDATE_PRODUCT = YES;
			};
			name = Release;
		};
		5CBD6DAD2CAC656500BA0A92 /* Debug */ = {
			isa = XCBuildConfiguration;
			buildSettings = {
				ASSETCATALOG_COMPILER_APPICON_NAME = AppIcon;
				ASSETCATALOG_COMPILER_GLOBAL_ACCENT_COLOR_NAME = AccentColor;
				ASSETCATALOG_COMPILER_INCLUDE_ALL_APPICON_ASSETS = YES;
				CODE_SIGN_STYLE = Automatic;
				CURRENT_PROJECT_VERSION = 1;
				DEVELOPMENT_ASSET_PATHS = "\"Etna/Preview Content\"";
				DEVELOPMENT_TEAM = AAPC4WPC5Y;
				ENABLE_PREVIEWS = YES;
				GENERATE_INFOPLIST_FILE = YES;
				INFOPLIST_FILE = Etna/Info.plist;
				INFOPLIST_KEY_CFBundleDisplayName = Etna;
				INFOPLIST_KEY_LSApplicationCategoryType = "public.app-category.education";
				INFOPLIST_KEY_UIApplicationSceneManifest_Generation = YES;
				INFOPLIST_KEY_UIApplicationSupportsIndirectInputEvents = YES;
				INFOPLIST_KEY_UILaunchStoryboardName = LaunchScreen;
				INFOPLIST_KEY_UIStatusBarHidden = YES;
				INFOPLIST_KEY_UIStatusBarStyle = "";
				INFOPLIST_KEY_UISupportedInterfaceOrientations = UIInterfaceOrientationPortrait;
				IPHONEOS_DEPLOYMENT_TARGET = 15.6;
				LD_RUNPATH_SEARCH_PATHS = (
					"$(inherited)",
					"@executable_path/Frameworks",
				);
				MARKETING_VERSION = 1.0;
				PRODUCT_BUNDLE_IDENTIFIER = com.github.pengwius.Etna;
				PRODUCT_NAME = "$(TARGET_NAME)";
				SWIFT_EMIT_LOC_STRINGS = YES;
				SWIFT_VERSION = 5.0;
				TARGETED_DEVICE_FAMILY = "1,2";
			};
			name = Debug;
		};
		5CBD6DAE2CAC656500BA0A92 /* Release */ = {
			isa = XCBuildConfiguration;
			buildSettings = {
				ASSETCATALOG_COMPILER_APPICON_NAME = AppIcon;
				ASSETCATALOG_COMPILER_GLOBAL_ACCENT_COLOR_NAME = AccentColor;
				ASSETCATALOG_COMPILER_INCLUDE_ALL_APPICON_ASSETS = YES;
				CODE_SIGN_STYLE = Automatic;
				CURRENT_PROJECT_VERSION = 1;
				DEVELOPMENT_ASSET_PATHS = "\"Etna/Preview Content\"";
				DEVELOPMENT_TEAM = AAPC4WPC5Y;
				ENABLE_PREVIEWS = YES;
				GENERATE_INFOPLIST_FILE = YES;
				INFOPLIST_FILE = Etna/Info.plist;
				INFOPLIST_KEY_CFBundleDisplayName = Etna;
				INFOPLIST_KEY_LSApplicationCategoryType = "public.app-category.education";
				INFOPLIST_KEY_UIApplicationSceneManifest_Generation = YES;
				INFOPLIST_KEY_UIApplicationSupportsIndirectInputEvents = YES;
				INFOPLIST_KEY_UILaunchStoryboardName = LaunchScreen;
				INFOPLIST_KEY_UIStatusBarHidden = YES;
				INFOPLIST_KEY_UIStatusBarStyle = "";
				INFOPLIST_KEY_UISupportedInterfaceOrientations = UIInterfaceOrientationPortrait;
				IPHONEOS_DEPLOYMENT_TARGET = 15.6;
				LD_RUNPATH_SEARCH_PATHS = (
					"$(inherited)",
					"@executable_path/Frameworks",
				);
				MARKETING_VERSION = 1.0;
				PRODUCT_BUNDLE_IDENTIFIER = com.github.pengwius.Etna;
				PRODUCT_NAME = "$(TARGET_NAME)";
				SWIFT_EMIT_LOC_STRINGS = YES;
				SWIFT_VERSION = 5.0;
				TARGETED_DEVICE_FAMILY = "1,2";
			};
			name = Release;
		};
		5CBD6DB02CAC656500BA0A92 /* Debug */ = {
			isa = XCBuildConfiguration;
			buildSettings = {
				BUNDLE_LOADER = "$(TEST_HOST)";
				CODE_SIGN_STYLE = Automatic;
				CURRENT_PROJECT_VERSION = 1;
				DEVELOPMENT_TEAM = AAPC4WPC5Y;
				GENERATE_INFOPLIST_FILE = YES;
				IPHONEOS_DEPLOYMENT_TARGET = 18.1;
				MARKETING_VERSION = 1.0;
				PRODUCT_BUNDLE_IDENTIFIER = com.github.pengwius.EtnaTests;
				PRODUCT_NAME = "$(TARGET_NAME)";
				SWIFT_EMIT_LOC_STRINGS = NO;
				SWIFT_VERSION = 5.0;
				TARGETED_DEVICE_FAMILY = "1,2";
				TEST_HOST = "$(BUILT_PRODUCTS_DIR)/Etna.app/$(BUNDLE_EXECUTABLE_FOLDER_PATH)/Etna";
			};
			name = Debug;
		};
		5CBD6DB12CAC656500BA0A92 /* Release */ = {
			isa = XCBuildConfiguration;
			buildSettings = {
				BUNDLE_LOADER = "$(TEST_HOST)";
				CODE_SIGN_STYLE = Automatic;
				CURRENT_PROJECT_VERSION = 1;
				DEVELOPMENT_TEAM = AAPC4WPC5Y;
				GENERATE_INFOPLIST_FILE = YES;
				IPHONEOS_DEPLOYMENT_TARGET = 18.1;
				MARKETING_VERSION = 1.0;
				PRODUCT_BUNDLE_IDENTIFIER = com.github.pengwius.EtnaTests;
				PRODUCT_NAME = "$(TARGET_NAME)";
				SWIFT_EMIT_LOC_STRINGS = NO;
				SWIFT_VERSION = 5.0;
				TARGETED_DEVICE_FAMILY = "1,2";
				TEST_HOST = "$(BUILT_PRODUCTS_DIR)/Etna.app/$(BUNDLE_EXECUTABLE_FOLDER_PATH)/Etna";
			};
			name = Release;
		};
		5CBD6DB32CAC656500BA0A92 /* Debug */ = {
			isa = XCBuildConfiguration;
			buildSettings = {
				CODE_SIGN_STYLE = Automatic;
				CURRENT_PROJECT_VERSION = 1;
				DEVELOPMENT_TEAM = AAPC4WPC5Y;
				GENERATE_INFOPLIST_FILE = YES;
				MARKETING_VERSION = 1.0;
				PRODUCT_BUNDLE_IDENTIFIER = com.github.pengwius.EtnaUITests;
				PRODUCT_NAME = "$(TARGET_NAME)";
				SWIFT_EMIT_LOC_STRINGS = NO;
				SWIFT_VERSION = 5.0;
				TARGETED_DEVICE_FAMILY = "1,2";
				TEST_TARGET_NAME = Etna;
			};
			name = Debug;
		};
		5CBD6DB42CAC656500BA0A92 /* Release */ = {
			isa = XCBuildConfiguration;
			buildSettings = {
				CODE_SIGN_STYLE = Automatic;
				CURRENT_PROJECT_VERSION = 1;
				DEVELOPMENT_TEAM = AAPC4WPC5Y;
				GENERATE_INFOPLIST_FILE = YES;
				MARKETING_VERSION = 1.0;
				PRODUCT_BUNDLE_IDENTIFIER = com.github.pengwius.EtnaUITests;
				PRODUCT_NAME = "$(TARGET_NAME)";
				SWIFT_EMIT_LOC_STRINGS = NO;
				SWIFT_VERSION = 5.0;
				TARGETED_DEVICE_FAMILY = "1,2";
				TEST_TARGET_NAME = Etna;
			};
			name = Release;
		};
/* End XCBuildConfiguration section */

/* Begin XCConfigurationList section */
		5CBD6D832CAC656300BA0A92 /* Build configuration list for PBXProject "Etna" */ = {
			isa = XCConfigurationList;
			buildConfigurations = (
				5CBD6DAA2CAC656500BA0A92 /* Debug */,
				5CBD6DAB2CAC656500BA0A92 /* Release */,
			);
			defaultConfigurationIsVisible = 0;
			defaultConfigurationName = Release;
		};
		5CBD6DAC2CAC656500BA0A92 /* Build configuration list for PBXNativeTarget "Etna" */ = {
			isa = XCConfigurationList;
			buildConfigurations = (
				5CBD6DAD2CAC656500BA0A92 /* Debug */,
				5CBD6DAE2CAC656500BA0A92 /* Release */,
			);
			defaultConfigurationIsVisible = 0;
			defaultConfigurationName = Release;
		};
		5CBD6DAF2CAC656500BA0A92 /* Build configuration list for PBXNativeTarget "EtnaTests" */ = {
			isa = XCConfigurationList;
			buildConfigurations = (
				5CBD6DB02CAC656500BA0A92 /* Debug */,
				5CBD6DB12CAC656500BA0A92 /* Release */,
			);
			defaultConfigurationIsVisible = 0;
			defaultConfigurationName = Release;
		};
		5CBD6DB22CAC656500BA0A92 /* Build configuration list for PBXNativeTarget "EtnaUITests" */ = {
			isa = XCConfigurationList;
			buildConfigurations = (
				5CBD6DB32CAC656500BA0A92 /* Debug */,
				5CBD6DB42CAC656500BA0A92 /* Release */,
			);
			defaultConfigurationIsVisible = 0;
			defaultConfigurationName = Release;
		};
/* End XCConfigurationList section */

/* Begin XCRemoteSwiftPackageReference section */
		5CC0679D2CAD89EB007882DE /* XCRemoteSwiftPackageReference "SwiftyJSON" */ = {
			isa = XCRemoteSwiftPackageReference;
			repositoryURL = "https://github.com/SwiftyJSON/SwiftyJSON.git";
			requirement = {
				kind = upToNextMajorVersion;
				minimumVersion = 5.0.2;
			};
		};
		5CC067EB2CAD9159007882DE /* XCRemoteSwiftPackageReference "SwiftUIEKtensions" */ = {
			isa = XCRemoteSwiftPackageReference;
			repositoryURL = "https://github.com/EnesKaraosman/SwiftUIEKtensions";
			requirement = {
				kind = upToNextMajorVersion;
				minimumVersion = 0.4.0;
			};
		};
/* End XCRemoteSwiftPackageReference section */

/* Begin XCSwiftPackageProductDependency section */
		5CC067EC2CAD9159007882DE /* SwiftUIEKtensions */ = {
			isa = XCSwiftPackageProductDependency;
			package = 5CC067EB2CAD9159007882DE /* XCRemoteSwiftPackageReference "SwiftUIEKtensions" */;
			productName = SwiftUIEKtensions;
		};
/* End XCSwiftPackageProductDependency section */
	};
	rootObject = 5CBD6D802CAC656300BA0A92 /* Project object */;
}
